
Microsoft Visual Studio Solution File, Format Version 12.00
# Visual Studio Version 17
VisualStudioVersion = 17.13.35931.197 d17.13
MinimumVisualStudioVersion = 10.0.40219.1
Project("{FAE04EC0-301F-11D3-BF4B-00C04F79EFBC}") = "WebApplication1", "WebApplication1\WebApplication1.csproj", "{CF3234F8-A4F8-4B3F-A1C8-EC0A76D89B12}"
EndProject
Global
	GlobalSection(SolutionConfigurationPlatforms) = preSolution
		Debug|Any CPU = Debug|Any CPU
		Release|Any CPU = Release|Any CPU
	EndGlobalSection
	GlobalSection(ProjectConfigurationPlatforms) = postSolution
		{CF3234F8-A4F8-4B3F-A1C8-EC0A76D89B12}.Debug|Any CPU.ActiveCfg = Debug|Any CPU
		{CF3234F8-A4F8-4B3F-A1C8-EC0A76D89B12}.Debug|Any CPU.Build.0 = Debug|Any CPU
		{CF3234F8-A4F8-4B3F-A1C8-EC0A76D89B12}.Release|Any CPU.ActiveCfg = Release|Any CPU
		{CF3234F8-A4F8-4B3F-A1C8-EC0A76D89B12}.Release|Any CPU.Build.0 = Release|Any CPU
	EndGlobalSection
	GlobalSection(SolutionProperties) = preSolution
		HideSolutionNode = FALSE
	EndGlobalSection
	GlobalSection(ExtensibilityGlobals) = postSolution
		SolutionGuid = {3313723E-15E0-4CF3-8F88-3EB6535025AC}
	EndGlobalSection
EndGlobal
